
Microsoft Visual Studio Solution File, Format Version 12.00
# Visual Studio 15
VisualStudioVersion = 15.0.26430.14
MinimumVisualStudioVersion = 10.0.40219.1
Project("{2150E333-8FDC-42A3-9474-1A3956D46DE8}") = "Engine", "Engine", "{CA60530C-A39C-4F45-8452-1EEDED1CBA95}"
EndProject
Project("{2150E333-8FDC-42A3-9474-1A3956D46DE8}") = "Games", "Games", "{2FDFAA15-A2B0-4F93-9CEA-3FA083250478}"
EndProject
Project("{8BC9CEB8-8B4A-11D0-8D11-00A0C91BC942}") = "UE4", "Intermediate\ProjectFiles\UE4.vcxproj", "{9095C789-A608-49D6-BC0B-5632DA90374A}"
EndProject
Project("{8BC9CEB8-8B4A-11D0-8D11-00A0C91BC942}") = "IKDemo", "Intermediate\ProjectFiles\IKDemo.vcxproj", "{8D7B051E-0400-4FBB-9E4F-CF8F74B10CE1}"
EndProject
Global
	GlobalSection(SolutionConfigurationPlatforms) = preSolution
		DebugGame Editor|Win32 = DebugGame Editor|Win32
		DebugGame Editor|Win64 = DebugGame Editor|Win64
		DebugGame|Win32 = DebugGame|Win32
		DebugGame|Win64 = DebugGame|Win64
		Development Editor|Win32 = Development Editor|Win32
		Development Editor|Win64 = Development Editor|Win64
		Development|Win32 = Development|Win32
		Development|Win64 = Development|Win64
		Shipping|Win32 = Shipping|Win32
		Shipping|Win64 = Shipping|Win64
	EndGlobalSection
	GlobalSection(ProjectConfigurationPlatforms) = postSolution
		{9095C789-A608-49D6-BC0B-5632DA90374A}.DebugGame Editor|Win32.ActiveCfg = BuiltWithUnrealBuildTool|Win32
		{9095C789-A608-49D6-BC0B-5632DA90374A}.DebugGame Editor|Win32.Build.0 = BuiltWithUnrealBuildTool|Win32
		{9095C789-A608-49D6-BC0B-5632DA90374A}.DebugGame Editor|Win64.ActiveCfg = BuiltWithUnrealBuildTool|Win32
		{9095C789-A608-49D6-BC0B-5632DA90374A}.DebugGame Editor|Win64.Build.0 = BuiltWithUnrealBuildTool|Win32
		{9095C789-A608-49D6-BC0B-5632DA90374A}.DebugGame|Win32.ActiveCfg = BuiltWithUnrealBuildTool|Win32
		{9095C789-A608-49D6-BC0B-5632DA90374A}.DebugGame|Win32.Build.0 = BuiltWithUnrealBuildTool|Win32
		{9095C789-A608-49D6-BC0B-5632DA90374A}.DebugGame|Win64.ActiveCfg = BuiltWithUnrealBuildTool|Win32
		{9095C789-A608-49D6-BC0B-5632DA90374A}.DebugGame|Win64.Build.0 = BuiltWithUnrealBuildTool|Win32
		{9095C789-A608-49D6-BC0B-5632DA90374A}.Development Editor|Win32.ActiveCfg = BuiltWithUnrealBuildTool|Win32
		{9095C789-A608-49D6-BC0B-5632DA90374A}.Development Editor|Win32.Build.0 = BuiltWithUnrealBuildTool|Win32
		{9095C789-A608-49D6-BC0B-5632DA90374A}.Development Editor|Win64.ActiveCfg = BuiltWithUnrealBuildTool|Win32
		{9095C789-A608-49D6-BC0B-5632DA90374A}.Development Editor|Win64.Build.0 = BuiltWithUnrealBuildTool|Win32
		{9095C789-A608-49D6-BC0B-5632DA90374A}.Development|Win32.ActiveCfg = BuiltWithUnrealBuildTool|Win32
		{9095C789-A608-49D6-BC0B-5632DA90374A}.Development|Win32.Build.0 = BuiltWithUnrealBuildTool|Win32
		{9095C789-A608-49D6-BC0B-5632DA90374A}.Development|Win64.ActiveCfg = BuiltWithUnrealBuildTool|Win32
		{9095C789-A608-49D6-BC0B-5632DA90374A}.Development|Win64.Build.0 = BuiltWithUnrealBuildTool|Win32
		{9095C789-A608-49D6-BC0B-5632DA90374A}.Shipping|Win32.ActiveCfg = BuiltWithUnrealBuildTool|Win32
		{9095C789-A608-49D6-BC0B-5632DA90374A}.Shipping|Win32.Build.0 = BuiltWithUnrealBuildTool|Win32
		{9095C789-A608-49D6-BC0B-5632DA90374A}.Shipping|Win64.ActiveCfg = BuiltWithUnrealBuildTool|Win32
		{9095C789-A608-49D6-BC0B-5632DA90374A}.Shipping|Win64.Build.0 = BuiltWithUnrealBuildTool|Win32
		{8D7B051E-0400-4FBB-9E4F-CF8F74B10CE1}.DebugGame Editor|Win32.ActiveCfg = DebugGame_Editor|Win32
		{8D7B051E-0400-4FBB-9E4F-CF8F74B10CE1}.DebugGame Editor|Win64.ActiveCfg = DebugGame_Editor|x64
		{8D7B051E-0400-4FBB-9E4F-CF8F74B10CE1}.DebugGame Editor|Win64.Build.0 = DebugGame_Editor|x64
		{8D7B051E-0400-4FBB-9E4F-CF8F74B10CE1}.DebugGame|Win32.ActiveCfg = DebugGame_Game|Win32
		{8D7B051E-0400-4FBB-9E4F-CF8F74B10CE1}.DebugGame|Win32.Build.0 = DebugGame_Game|Win32
		{8D7B051E-0400-4FBB-9E4F-CF8F74B10CE1}.DebugGame|Win64.ActiveCfg = DebugGame_Game|x64
		{8D7B051E-0400-4FBB-9E4F-CF8F74B10CE1}.DebugGame|Win64.Build.0 = DebugGame_Game|x64
		{8D7B051E-0400-4FBB-9E4F-CF8F74B10CE1}.Development Editor|Win32.ActiveCfg = Development_Editor|Win32
		{8D7B051E-0400-4FBB-9E4F-CF8F74B10CE1}.Development Editor|Win64.ActiveCfg = Development_Editor|x64
		{8D7B051E-0400-4FBB-9E4F-CF8F74B10CE1}.Development Editor|Win64.Build.0 = Development_Editor|x64
		{8D7B051E-0400-4FBB-9E4F-CF8F74B10CE1}.Development|Win32.ActiveCfg = Development_Game|Win32
		{8D7B051E-0400-4FBB-9E4F-CF8F74B10CE1}.Development|Win32.Build.0 = Development_Game|Win32
		{8D7B051E-0400-4FBB-9E4F-CF8F74B10CE1}.Development|Win64.ActiveCfg = Development_Game|x64
		{8D7B051E-0400-4FBB-9E4F-CF8F74B10CE1}.Development|Win64.Build.0 = Development_Game|x64
		{8D7B051E-0400-4FBB-9E4F-CF8F74B10CE1}.Shipping|Win32.ActiveCfg = Shipping_Game|Win32
		{8D7B051E-0400-4FBB-9E4F-CF8F74B10CE1}.Shipping|Win32.Build.0 = Shipping_Game|Win32
		{8D7B051E-0400-4FBB-9E4F-CF8F74B10CE1}.Shipping|Win64.ActiveCfg = Shipping_Game|x64
		{8D7B051E-0400-4FBB-9E4F-CF8F74B10CE1}.Shipping|Win64.Build.0 = Shipping_Game|x64
	EndGlobalSection
	GlobalSection(SolutionProperties) = preSolution
		HideSolutionNode = FALSE
	EndGlobalSection
	GlobalSection(NestedProjects) = preSolution
		{9095C789-A608-49D6-BC0B-5632DA90374A} = {CA60530C-A39C-4F45-8452-1EEDED1CBA95}
		{8D7B051E-0400-4FBB-9E4F-CF8F74B10CE1} = {2FDFAA15-A2B0-4F93-9CEA-3FA083250478}
	EndGlobalSection
EndGlobal
