
Microsoft Visual Studio Solution File, Format Version 12.00
# Visual Studio 15
VisualStudioVersion = 15.0.26430.14
MinimumVisualStudioVersion = 10.0.40219.1
Project("{2150E333-8FDC-42A3-9474-1A3956D46DE8}") = "Engine", "Engine", "{6ECCA105-46D8-4403-8A65-C99BCC480B44}"
EndProject
Project("{2150E333-8FDC-42A3-9474-1A3956D46DE8}") = "Games", "Games", "{5AF2EFF7-D7AF-4CD8-BD05-A07CD6653903}"
EndProject
Project("{8BC9CEB8-8B4A-11D0-8D11-00A0C91BC942}") = "UE4", "Intermediate\ProjectFiles\UE4.vcxproj", "{63C05564-4F87-40A2-A919-20EB2A9F7A53}"
EndProject
Project("{8BC9CEB8-8B4A-11D0-8D11-00A0C91BC942}") = "IKDemo", "Intermediate\ProjectFiles\IKDemo.vcxproj", "{36DE2C55-37B7-468A-B347-72D7E9F54D1D}"
EndProject
Global
	GlobalSection(SolutionConfigurationPlatforms) = preSolution
		DebugGame Editor|Win32 = DebugGame Editor|Win32
		DebugGame Editor|Win64 = DebugGame Editor|Win64
		DebugGame|Win32 = DebugGame|Win32
		DebugGame|Win64 = DebugGame|Win64
		Development Editor|Win32 = Development Editor|Win32
		Development Editor|Win64 = Development Editor|Win64
		Development|Win32 = Development|Win32
		Development|Win64 = Development|Win64
		Shipping|Win32 = Shipping|Win32
		Shipping|Win64 = Shipping|Win64
	EndGlobalSection
	GlobalSection(ProjectConfigurationPlatforms) = postSolution
		{63C05564-4F87-40A2-A919-20EB2A9F7A53}.DebugGame Editor|Win32.ActiveCfg = BuiltWithUnrealBuildTool|Win32
		{63C05564-4F87-40A2-A919-20EB2A9F7A53}.DebugGame Editor|Win32.Build.0 = BuiltWithUnrealBuildTool|Win32
		{63C05564-4F87-40A2-A919-20EB2A9F7A53}.DebugGame Editor|Win64.ActiveCfg = BuiltWithUnrealBuildTool|Win32
		{63C05564-4F87-40A2-A919-20EB2A9F7A53}.DebugGame Editor|Win64.Build.0 = BuiltWithUnrealBuildTool|Win32
		{63C05564-4F87-40A2-A919-20EB2A9F7A53}.DebugGame|Win32.ActiveCfg = BuiltWithUnrealBuildTool|Win32
		{63C05564-4F87-40A2-A919-20EB2A9F7A53}.DebugGame|Win32.Build.0 = BuiltWithUnrealBuildTool|Win32
		{63C05564-4F87-40A2-A919-20EB2A9F7A53}.DebugGame|Win64.ActiveCfg = BuiltWithUnrealBuildTool|Win32
		{63C05564-4F87-40A2-A919-20EB2A9F7A53}.DebugGame|Win64.Build.0 = BuiltWithUnrealBuildTool|Win32
		{63C05564-4F87-40A2-A919-20EB2A9F7A53}.Development Editor|Win32.ActiveCfg = BuiltWithUnrealBuildTool|Win32
		{63C05564-4F87-40A2-A919-20EB2A9F7A53}.Development Editor|Win32.Build.0 = BuiltWithUnrealBuildTool|Win32
		{63C05564-4F87-40A2-A919-20EB2A9F7A53}.Development Editor|Win64.ActiveCfg = BuiltWithUnrealBuildTool|Win32
		{63C05564-4F87-40A2-A919-20EB2A9F7A53}.Development Editor|Win64.Build.0 = BuiltWithUnrealBuildTool|Win32
		{63C05564-4F87-40A2-A919-20EB2A9F7A53}.Development|Win32.ActiveCfg = BuiltWithUnrealBuildTool|Win32
		{63C05564-4F87-40A2-A919-20EB2A9F7A53}.Development|Win32.Build.0 = BuiltWithUnrealBuildTool|Win32
		{63C05564-4F87-40A2-A919-20EB2A9F7A53}.Development|Win64.ActiveCfg = BuiltWithUnrealBuildTool|Win32
		{63C05564-4F87-40A2-A919-20EB2A9F7A53}.Development|Win64.Build.0 = BuiltWithUnrealBuildTool|Win32
		{63C05564-4F87-40A2-A919-20EB2A9F7A53}.Shipping|Win32.ActiveCfg = BuiltWithUnrealBuildTool|Win32
		{63C05564-4F87-40A2-A919-20EB2A9F7A53}.Shipping|Win32.Build.0 = BuiltWithUnrealBuildTool|Win32
		{63C05564-4F87-40A2-A919-20EB2A9F7A53}.Shipping|Win64.ActiveCfg = BuiltWithUnrealBuildTool|Win32
		{63C05564-4F87-40A2-A919-20EB2A9F7A53}.Shipping|Win64.Build.0 = BuiltWithUnrealBuildTool|Win32
		{36DE2C55-37B7-468A-B347-72D7E9F54D1D}.DebugGame Editor|Win32.ActiveCfg = DebugGame_Editor|Win32
		{36DE2C55-37B7-468A-B347-72D7E9F54D1D}.DebugGame Editor|Win64.ActiveCfg = DebugGame_Editor|x64
		{36DE2C55-37B7-468A-B347-72D7E9F54D1D}.DebugGame Editor|Win64.Build.0 = DebugGame_Editor|x64
		{36DE2C55-37B7-468A-B347-72D7E9F54D1D}.DebugGame|Win32.ActiveCfg = DebugGame_Game|Win32
		{36DE2C55-37B7-468A-B347-72D7E9F54D1D}.DebugGame|Win32.Build.0 = DebugGame_Game|Win32
		{36DE2C55-37B7-468A-B347-72D7E9F54D1D}.DebugGame|Win64.ActiveCfg = DebugGame_Game|x64
		{36DE2C55-37B7-468A-B347-72D7E9F54D1D}.DebugGame|Win64.Build.0 = DebugGame_Game|x64
		{36DE2C55-37B7-468A-B347-72D7E9F54D1D}.Development Editor|Win32.ActiveCfg = Development_Editor|Win32
		{36DE2C55-37B7-468A-B347-72D7E9F54D1D}.Development Editor|Win64.ActiveCfg = Development_Editor|x64
		{36DE2C55-37B7-468A-B347-72D7E9F54D1D}.Development Editor|Win64.Build.0 = Development_Editor|x64
		{36DE2C55-37B7-468A-B347-72D7E9F54D1D}.Development|Win32.ActiveCfg = Development_Game|Win32
		{36DE2C55-37B7-468A-B347-72D7E9F54D1D}.Development|Win32.Build.0 = Development_Game|Win32
		{36DE2C55-37B7-468A-B347-72D7E9F54D1D}.Development|Win64.ActiveCfg = Development_Game|x64
		{36DE2C55-37B7-468A-B347-72D7E9F54D1D}.Development|Win64.Build.0 = Development_Game|x64
		{36DE2C55-37B7-468A-B347-72D7E9F54D1D}.Shipping|Win32.ActiveCfg = Shipping_Game|Win32
		{36DE2C55-37B7-468A-B347-72D7E9F54D1D}.Shipping|Win32.Build.0 = Shipping_Game|Win32
		{36DE2C55-37B7-468A-B347-72D7E9F54D1D}.Shipping|Win64.ActiveCfg = Shipping_Game|x64
		{36DE2C55-37B7-468A-B347-72D7E9F54D1D}.Shipping|Win64.Build.0 = Shipping_Game|x64
	EndGlobalSection
	GlobalSection(SolutionProperties) = preSolution
		HideSolutionNode = FALSE
	EndGlobalSection
	GlobalSection(NestedProjects) = preSolution
		{63C05564-4F87-40A2-A919-20EB2A9F7A53} = {6ECCA105-46D8-4403-8A65-C99BCC480B44}
		{36DE2C55-37B7-468A-B347-72D7E9F54D1D} = {5AF2EFF7-D7AF-4CD8-BD05-A07CD6653903}
	EndGlobalSection
EndGlobal
