
Microsoft Visual Studio Solution File, Format Version 12.00
# Visual Studio 15
VisualStudioVersion = 15.0.26430.14
MinimumVisualStudioVersion = 10.0.40219.1
Project("{2150E333-8FDC-42A3-9474-1A3956D46DE8}") = "Engine", "Engine", "{A65DFC0A-539C-422C-A98A-396316756E3D}"
EndProject
Project("{2150E333-8FDC-42A3-9474-1A3956D46DE8}") = "Games", "Games", "{C6EDCD45-8F67-446C-8500-44DCBEA57C81}"
EndProject
Project("{8BC9CEB8-8B4A-11D0-8D11-00A0C91BC942}") = "UE4", "Intermediate\ProjectFiles\UE4.vcxproj", "{77FA6E8C-E345-463B-AD7F-B7AD979EC08B}"
EndProject
Project("{8BC9CEB8-8B4A-11D0-8D11-00A0C91BC942}") = "ue4ik", "Intermediate\ProjectFiles\ue4ik.vcxproj", "{6B7180EA-73DA-4D1A-BA9A-DC58FA3B9370}"
EndProject
Global
	GlobalSection(SolutionConfigurationPlatforms) = preSolution
		DebugGame Editor|Win32 = DebugGame Editor|Win32
		DebugGame Editor|Win64 = DebugGame Editor|Win64
		DebugGame|Win32 = DebugGame|Win32
		DebugGame|Win64 = DebugGame|Win64
		Development Editor|Win32 = Development Editor|Win32
		Development Editor|Win64 = Development Editor|Win64
		Development|Win32 = Development|Win32
		Development|Win64 = Development|Win64
		Shipping|Win32 = Shipping|Win32
		Shipping|Win64 = Shipping|Win64
	EndGlobalSection
	GlobalSection(ProjectConfigurationPlatforms) = postSolution
		{77FA6E8C-E345-463B-AD7F-B7AD979EC08B}.DebugGame Editor|Win32.ActiveCfg = BuiltWithUnrealBuildTool|Win32
		{77FA6E8C-E345-463B-AD7F-B7AD979EC08B}.DebugGame Editor|Win32.Build.0 = BuiltWithUnrealBuildTool|Win32
		{77FA6E8C-E345-463B-AD7F-B7AD979EC08B}.DebugGame Editor|Win64.ActiveCfg = BuiltWithUnrealBuildTool|Win32
		{77FA6E8C-E345-463B-AD7F-B7AD979EC08B}.DebugGame Editor|Win64.Build.0 = BuiltWithUnrealBuildTool|Win32
		{77FA6E8C-E345-463B-AD7F-B7AD979EC08B}.DebugGame|Win32.ActiveCfg = BuiltWithUnrealBuildTool|Win32
		{77FA6E8C-E345-463B-AD7F-B7AD979EC08B}.DebugGame|Win32.Build.0 = BuiltWithUnrealBuildTool|Win32
		{77FA6E8C-E345-463B-AD7F-B7AD979EC08B}.DebugGame|Win64.ActiveCfg = BuiltWithUnrealBuildTool|Win32
		{77FA6E8C-E345-463B-AD7F-B7AD979EC08B}.DebugGame|Win64.Build.0 = BuiltWithUnrealBuildTool|Win32
		{77FA6E8C-E345-463B-AD7F-B7AD979EC08B}.Development Editor|Win32.ActiveCfg = BuiltWithUnrealBuildTool|Win32
		{77FA6E8C-E345-463B-AD7F-B7AD979EC08B}.Development Editor|Win32.Build.0 = BuiltWithUnrealBuildTool|Win32
		{77FA6E8C-E345-463B-AD7F-B7AD979EC08B}.Development Editor|Win64.ActiveCfg = BuiltWithUnrealBuildTool|Win32
		{77FA6E8C-E345-463B-AD7F-B7AD979EC08B}.Development Editor|Win64.Build.0 = BuiltWithUnrealBuildTool|Win32
		{77FA6E8C-E345-463B-AD7F-B7AD979EC08B}.Development|Win32.ActiveCfg = BuiltWithUnrealBuildTool|Win32
		{77FA6E8C-E345-463B-AD7F-B7AD979EC08B}.Development|Win32.Build.0 = BuiltWithUnrealBuildTool|Win32
		{77FA6E8C-E345-463B-AD7F-B7AD979EC08B}.Development|Win64.ActiveCfg = BuiltWithUnrealBuildTool|Win32
		{77FA6E8C-E345-463B-AD7F-B7AD979EC08B}.Development|Win64.Build.0 = BuiltWithUnrealBuildTool|Win32
		{77FA6E8C-E345-463B-AD7F-B7AD979EC08B}.Shipping|Win32.ActiveCfg = BuiltWithUnrealBuildTool|Win32
		{77FA6E8C-E345-463B-AD7F-B7AD979EC08B}.Shipping|Win32.Build.0 = BuiltWithUnrealBuildTool|Win32
		{77FA6E8C-E345-463B-AD7F-B7AD979EC08B}.Shipping|Win64.ActiveCfg = BuiltWithUnrealBuildTool|Win32
		{77FA6E8C-E345-463B-AD7F-B7AD979EC08B}.Shipping|Win64.Build.0 = BuiltWithUnrealBuildTool|Win32
		{6B7180EA-73DA-4D1A-BA9A-DC58FA3B9370}.DebugGame Editor|Win32.ActiveCfg = DebugGame_Editor|Win32
		{6B7180EA-73DA-4D1A-BA9A-DC58FA3B9370}.DebugGame Editor|Win64.ActiveCfg = DebugGame_Editor|x64
		{6B7180EA-73DA-4D1A-BA9A-DC58FA3B9370}.DebugGame Editor|Win64.Build.0 = DebugGame_Editor|x64
		{6B7180EA-73DA-4D1A-BA9A-DC58FA3B9370}.DebugGame|Win32.ActiveCfg = DebugGame_Game|Win32
		{6B7180EA-73DA-4D1A-BA9A-DC58FA3B9370}.DebugGame|Win32.Build.0 = DebugGame_Game|Win32
		{6B7180EA-73DA-4D1A-BA9A-DC58FA3B9370}.DebugGame|Win64.ActiveCfg = DebugGame_Game|x64
		{6B7180EA-73DA-4D1A-BA9A-DC58FA3B9370}.DebugGame|Win64.Build.0 = DebugGame_Game|x64
		{6B7180EA-73DA-4D1A-BA9A-DC58FA3B9370}.Development Editor|Win32.ActiveCfg = Development_Editor|Win32
		{6B7180EA-73DA-4D1A-BA9A-DC58FA3B9370}.Development Editor|Win64.ActiveCfg = Development_Editor|x64
		{6B7180EA-73DA-4D1A-BA9A-DC58FA3B9370}.Development Editor|Win64.Build.0 = Development_Editor|x64
		{6B7180EA-73DA-4D1A-BA9A-DC58FA3B9370}.Development|Win32.ActiveCfg = Development_Game|Win32
		{6B7180EA-73DA-4D1A-BA9A-DC58FA3B9370}.Development|Win32.Build.0 = Development_Game|Win32
		{6B7180EA-73DA-4D1A-BA9A-DC58FA3B9370}.Development|Win64.ActiveCfg = Development_Game|x64
		{6B7180EA-73DA-4D1A-BA9A-DC58FA3B9370}.Development|Win64.Build.0 = Development_Game|x64
		{6B7180EA-73DA-4D1A-BA9A-DC58FA3B9370}.Shipping|Win32.ActiveCfg = Shipping_Game|Win32
		{6B7180EA-73DA-4D1A-BA9A-DC58FA3B9370}.Shipping|Win32.Build.0 = Shipping_Game|Win32
		{6B7180EA-73DA-4D1A-BA9A-DC58FA3B9370}.Shipping|Win64.ActiveCfg = Shipping_Game|x64
		{6B7180EA-73DA-4D1A-BA9A-DC58FA3B9370}.Shipping|Win64.Build.0 = Shipping_Game|x64
	EndGlobalSection
	GlobalSection(SolutionProperties) = preSolution
		HideSolutionNode = FALSE
	EndGlobalSection
	GlobalSection(NestedProjects) = preSolution
		{77FA6E8C-E345-463B-AD7F-B7AD979EC08B} = {A65DFC0A-539C-422C-A98A-396316756E3D}
		{6B7180EA-73DA-4D1A-BA9A-DC58FA3B9370} = {C6EDCD45-8F67-446C-8500-44DCBEA57C81}
	EndGlobalSection
EndGlobal
